
Microsoft Visual Studio Solution File, Format Version 12.00
# Visual Studio Version 17
VisualStudioVersion = 17.11.35327.3
MinimumVisualStudioVersion = 10.0.40219.1
Project("{FAE04EC0-301F-11D3-BF4B-00C04F79EFBC}") = "OOP_RATIONAL", "OOP_RATIONAL.csproj", "{FC516B1E-E120-46A1-9B7F-58261CA39AB5}"
EndProject
Global
	GlobalSection(SolutionConfigurationPlatforms) = preSolution
		Debug|Any CPU = Debug|Any CPU
		Release|Any CPU = Release|Any CPU
	EndGlobalSection
	GlobalSection(ProjectConfigurationPlatforms) = postSolution
		{FC516B1E-E120-46A1-9B7F-58261CA39AB5}.Debug|Any CPU.ActiveCfg = Debug|Any CPU
		{FC516B1E-E120-46A1-9B7F-58261CA39AB5}.Debug|Any CPU.Build.0 = Debug|Any CPU
		{FC516B1E-E120-46A1-9B7F-58261CA39AB5}.Release|Any CPU.ActiveCfg = Release|Any CPU
		{FC516B1E-E120-46A1-9B7F-58261CA39AB5}.Release|Any CPU.Build.0 = Release|Any CPU
	EndGlobalSection
	GlobalSection(SolutionProperties) = preSolution
		HideSolutionNode = FALSE
	EndGlobalSection
	GlobalSection(ExtensibilityGlobals) = postSolution
		SolutionGuid = {18A1E495-995E-4F84-9308-7AC9B31A6E11}
	EndGlobalSection
EndGlobal
